
Microsoft Visual Studio Solution File, Format Version 12.00
# Visual Studio 15
VisualStudioVersion = 15.0.27703.2026
MinimumVisualStudioVersion = 10.0.40219.1
Project("{FAE04EC0-301F-11D3-BF4B-00C04F79EFBC}") = "WeatherApp.Tests", "WeatherApp.Tests\WeatherApp.Tests.csproj", "{D3438D7B-4709-4294-A704-949837F71C37}"
EndProject
Project("{FAE04EC0-301F-11D3-BF4B-00C04F79EFBC}") = "Weather.Core", "Weather.Core\Weather.Core.csproj", "{9EBAF373-A6DD-4BC5-82DC-9475D9A419A8}"
EndProject
Project("{FAE04EC0-301F-11D3-BF4B-00C04F79EFBC}") = "WeatherApp.FrontEnd", "WeatherApp.FrontEnd\WeatherApp.FrontEnd.csproj", "{9D0FCE93-A6D8-4286-8DBC-12ED33AFCE46}"
EndProject
Project("{FAE04EC0-301F-11D3-BF4B-00C04F79EFBC}") = "WeatherApp.WebApi", "WeatherApp.WebApi\WeatherApp.WebApi.csproj", "{9C569D90-B8B8-4D47-835B-7B6CB0E56388}"
EndProject
Project("{FAE04EC0-301F-11D3-BF4B-00C04F79EFBC}") = "WeatherApp.IntegrationTests", "WeatherApp.IntegrationTests\WeatherApp.IntegrationTests.csproj", "{7FABE1DB-E49F-4746-9F79-2E499AAA7D8F}"
EndProject
Global
	GlobalSection(SolutionConfigurationPlatforms) = preSolution
		Debug|Any CPU = Debug|Any CPU
		Release|Any CPU = Release|Any CPU
	EndGlobalSection
	GlobalSection(ProjectConfigurationPlatforms) = postSolution
		{D3438D7B-4709-4294-A704-949837F71C37}.Debug|Any CPU.ActiveCfg = Debug|Any CPU
		{D3438D7B-4709-4294-A704-949837F71C37}.Debug|Any CPU.Build.0 = Debug|Any CPU
		{D3438D7B-4709-4294-A704-949837F71C37}.Release|Any CPU.ActiveCfg = Release|Any CPU
		{D3438D7B-4709-4294-A704-949837F71C37}.Release|Any CPU.Build.0 = Release|Any CPU
		{9EBAF373-A6DD-4BC5-82DC-9475D9A419A8}.Debug|Any CPU.ActiveCfg = Debug|Any CPU
		{9EBAF373-A6DD-4BC5-82DC-9475D9A419A8}.Debug|Any CPU.Build.0 = Debug|Any CPU
		{9EBAF373-A6DD-4BC5-82DC-9475D9A419A8}.Release|Any CPU.ActiveCfg = Release|Any CPU
		{9EBAF373-A6DD-4BC5-82DC-9475D9A419A8}.Release|Any CPU.Build.0 = Release|Any CPU
		{9D0FCE93-A6D8-4286-8DBC-12ED33AFCE46}.Debug|Any CPU.ActiveCfg = Debug|Any CPU
		{9D0FCE93-A6D8-4286-8DBC-12ED33AFCE46}.Debug|Any CPU.Build.0 = Debug|Any CPU
		{9D0FCE93-A6D8-4286-8DBC-12ED33AFCE46}.Release|Any CPU.ActiveCfg = Release|Any CPU
		{9D0FCE93-A6D8-4286-8DBC-12ED33AFCE46}.Release|Any CPU.Build.0 = Release|Any CPU
		{9C569D90-B8B8-4D47-835B-7B6CB0E56388}.Debug|Any CPU.ActiveCfg = Debug|Any CPU
		{9C569D90-B8B8-4D47-835B-7B6CB0E56388}.Debug|Any CPU.Build.0 = Debug|Any CPU
		{9C569D90-B8B8-4D47-835B-7B6CB0E56388}.Release|Any CPU.ActiveCfg = Release|Any CPU
		{9C569D90-B8B8-4D47-835B-7B6CB0E56388}.Release|Any CPU.Build.0 = Release|Any CPU
		{7FABE1DB-E49F-4746-9F79-2E499AAA7D8F}.Debug|Any CPU.ActiveCfg = Debug|Any CPU
		{7FABE1DB-E49F-4746-9F79-2E499AAA7D8F}.Debug|Any CPU.Build.0 = Debug|Any CPU
		{7FABE1DB-E49F-4746-9F79-2E499AAA7D8F}.Release|Any CPU.ActiveCfg = Release|Any CPU
		{7FABE1DB-E49F-4746-9F79-2E499AAA7D8F}.Release|Any CPU.Build.0 = Release|Any CPU
	EndGlobalSection
	GlobalSection(SolutionProperties) = preSolution
		HideSolutionNode = FALSE
	EndGlobalSection
	GlobalSection(ExtensibilityGlobals) = postSolution
		SolutionGuid = {E79C77DB-B584-4A6A-8017-55E5C9D8EAC0}
	EndGlobalSection
EndGlobal
